# THIS IS AN AUTOGENERATED FILE. DO NOT EDIT THIS FILE DIRECTLY.
# yarn lockfile v1


"@playwright/test@^1.41.1":
  "integrity" "sha512-9g8EWTjiQ9yFBXc6HjCWe41msLpxEX0KhmfmPl9RPLJdfzL4F0lg2BdJ91O9azFdl11y1pmpwdjBiSxvqc+btw=="
  "resolved" "https://registry.npmjs.org/@playwright/test/-/test-1.41.1.tgz"
  "version" "1.41.1"
  dependencies:
    "playwright" "1.41.1"

"@types/node-fetch@^2.6.4":
  "integrity" "sha512-24xFj9R5+rfQJLRyM56qh+wnVSYhyXC2tkoBndtY0U+vubqNsYXGjufB2nn8Q6gt0LrARwL6UBtMCSVCwl4B1g=="
  "resolved" "https://registry.npmjs.org/@types/node-fetch/-/node-fetch-2.6.11.tgz"
  "version" "2.6.11"
  dependencies:
    "@types/node" "*"
    "form-data" "^4.0.0"

"@types/node@*", "@types/node@^20.11.14":
  "integrity" "sha512-w3yWCcwULefjP9DmDDsgUskrMoOy5Z8MiwKHr1FvqGPtx7CvJzQvxD7eKpxNtklQxLruxSXWddyeRtyud0RcXQ=="
  "resolved" "https://registry.npmjs.org/@types/node/-/node-20.11.14.tgz"
  "version" "20.11.14"
  dependencies:
    "undici-types" "~5.26.4"

"@types/node@^18.11.18":
  "integrity" "sha512-uLcpWEAvatBEubmgCMzWforZbAu1dT9syweWnU3/DNwbeUBq2miP5nG8Y4JL9MDMKWt+7Yv1CSvA8xELdEl54w=="
  "resolved" "https://registry.npmjs.org/@types/node/-/node-18.19.12.tgz"
  "version" "18.19.12"
  dependencies:
    "undici-types" "~5.26.4"

"abort-controller@^3.0.0":
  "integrity" "sha512-h8lQ8tacZYnR3vNQTgibj+tODHI5/+l06Au2Pcriv/Gmet0eaj4TwWH41sO9wnHDiQsEj19q0drzdWdeAHtweg=="
  "resolved" "https://registry.npmjs.org/abort-controller/-/abort-controller-3.0.0.tgz"
  "version" "3.0.0"
  dependencies:
    "event-target-shim" "^5.0.0"

"agentkeepalive@^4.2.1":
  "integrity" "sha512-5GG/5IbQQpC9FpkRGsSvZI5QYeSCzlJHdpBQntCsuTOxhKD8lqKhrleg2Yi7yvMIf82Ycmmqln9U8V9qwEiJew=="
  "resolved" "https://registry.npmjs.org/agentkeepalive/-/agentkeepalive-4.5.0.tgz"
  "version" "4.5.0"
  dependencies:
    "humanize-ms" "^1.2.1"

"asynckit@^0.4.0":
  "integrity" "sha512-Oei9OH4tRh0YqU3GxhX79dM/mwVgvbZJaSNaRk+bshkj0S5cfHcgYakreBjrHwatXKbz+IoIdYLxrKim2MjW0Q=="
  "resolved" "https://registry.npmjs.org/asynckit/-/asynckit-0.4.0.tgz"
  "version" "0.4.0"

"base-64@^0.1.0":
  "integrity" "sha512-Y5gU45svrR5tI2Vt/X9GPd3L0HNIKzGu202EjxrXMpuc2V2CiKgemAbUUsqYmZJvPtCXoUKjNZwBJzsNScUbXA=="
  "resolved" "https://registry.npmjs.org/base-64/-/base-64-0.1.0.tgz"
  "version" "0.1.0"

"charenc@0.0.2":
  "integrity" "sha512-yrLQ/yVUFXkzg7EDQsPieE/53+0RlaWTs+wBrvW36cyilJ2SaDWfl4Yj7MtLTXleV9uEKefbAGUPv2/iWSooRA=="
  "resolved" "https://registry.npmjs.org/charenc/-/charenc-0.0.2.tgz"
  "version" "0.0.2"

"combined-stream@^1.0.8":
  "integrity" "sha512-FQN4MRfuJeHf7cBbBMJFXhKSDq+2kAArBlmRBvcvFE5BB1HZKXtSFASDhdlz9zOYwxh8lDdnvmMOe/+5cdoEdg=="
  "resolved" "https://registry.npmjs.org/combined-stream/-/combined-stream-1.0.8.tgz"
  "version" "1.0.8"
  dependencies:
    "delayed-stream" "~1.0.0"

"crypt@0.0.2":
  "integrity" "sha512-mCxBlsHFYh9C+HVpiEacem8FEBnMXgU9gy4zmNC+SXAZNB/1idgp/aulFJ4FgCi7GPEVbfyng092GqL2k2rmow=="
  "resolved" "https://registry.npmjs.org/crypt/-/crypt-0.0.2.tgz"
  "version" "0.0.2"

"delayed-stream@~1.0.0":
  "integrity" "sha512-ZySD7Nf91aLB0RxL4KGrKHBXl7Eds1DAmEdcoVawXnLD7SDhpNgtuII2aAkg7a7QS41jxPSZ17p4VdGnMHk3MQ=="
  "resolved" "https://registry.npmjs.org/delayed-stream/-/delayed-stream-1.0.0.tgz"
  "version" "1.0.0"

"digest-fetch@^1.3.0":
  "integrity" "sha512-CGJuv6iKNM7QyZlM2T3sPAdZWd/p9zQiRNS9G+9COUCwzWFTs0Xp8NF5iePx7wtvhDykReiRRrSeNb4oMmB8lA=="
  "resolved" "https://registry.npmjs.org/digest-fetch/-/digest-fetch-1.3.0.tgz"
  "version" "1.3.0"
  dependencies:
    "base-64" "^0.1.0"
    "md5" "^2.3.0"

"event-target-shim@^5.0.0":
  "integrity" "sha512-i/2XbnSz/uxRCU6+NdVJgKWDTM427+MqYbkQzD321DuCQJUqOuJKIA0IM2+W2xtYHdKOmZ4dR6fExsd4SXL+WQ=="
  "resolved" "https://registry.npmjs.org/event-target-shim/-/event-target-shim-5.0.1.tgz"
  "version" "5.0.1"

"form-data-encoder@1.7.2":
  "integrity" "sha512-qfqtYan3rxrnCk1VYaA4H+Ms9xdpPqvLZa6xmMgFvhO32x7/3J/ExcTd6qpxM0vH2GdMI+poehyBZvqfMTto8A=="
  "resolved" "https://registry.npmjs.org/form-data-encoder/-/form-data-encoder-1.7.2.tgz"
  "version" "1.7.2"

"form-data@^4.0.0":
  "integrity" "sha512-ETEklSGi5t0QMZuiXoA/Q6vcnxcLQP5vdugSpuAyi6SVGi2clPPp+xgEhuMaHC+zGgn31Kd235W35f7Hykkaww=="
  "resolved" "https://registry.npmjs.org/form-data/-/form-data-4.0.0.tgz"
  "version" "4.0.0"
  dependencies:
    "asynckit" "^0.4.0"
    "combined-stream" "^1.0.8"
    "mime-types" "^2.1.12"

"formdata-node@^4.3.2":
  "integrity" "sha512-0iirZp3uVDjVGt9p49aTaqjk84TrglENEDuqfdlZQ1roC9CWlPk6Avf8EEnZNcAqPonwkG35x4n3ww/1THYAeQ=="
  "resolved" "https://registry.npmjs.org/formdata-node/-/formdata-node-4.4.1.tgz"
  "version" "4.4.1"
  dependencies:
    "node-domexception" "1.0.0"
    "web-streams-polyfill" "4.0.0-beta.3"

"fsevents@2.3.2":
  "integrity" "sha512-xiqMQR4xAeHTuB9uWm+fFRcIOgKBMiOBP+eXiyT7jsgVCq1bkVygt00oASowB7EdtpOHaaPgKt812P9ab+DDKA=="
  "resolved" "https://registry.npmjs.org/fsevents/-/fsevents-2.3.2.tgz"
  "version" "2.3.2"

"humanize-ms@^1.2.1":
  "integrity" "sha512-Fl70vYtsAFb/C06PTS9dZBo7ihau+Tu/DNCk/OyHhea07S+aeMWpFFkUaXRa8fI+ScZbEI8dfSxwY7gxZ9SAVQ=="
  "resolved" "https://registry.npmjs.org/humanize-ms/-/humanize-ms-1.2.1.tgz"
  "version" "1.2.1"
  dependencies:
    "ms" "^2.0.0"

"is-buffer@~1.1.6":
  "integrity" "sha512-NcdALwpXkTm5Zvvbk7owOUSvVvBKDgKP5/ewfXEznmQFfs4ZRmanOeKBTjRVjka3QFoN6XJ+9F3USqfHqTaU5w=="
  "resolved" "https://registry.npmjs.org/is-buffer/-/is-buffer-1.1.6.tgz"
  "version" "1.1.6"

"md5@^2.3.0":
  "integrity" "sha512-T1GITYmFaKuO91vxyoQMFETst+O71VUPEU3ze5GNzDm0OWdP8v1ziTaAEPUr/3kLsY3Sftgz242A1SetQiDL7g=="
  "resolved" "https://registry.npmjs.org/md5/-/md5-2.3.0.tgz"
  "version" "2.3.0"
  dependencies:
    "charenc" "0.0.2"
    "crypt" "0.0.2"
    "is-buffer" "~1.1.6"

"mime-db@1.52.0":
  "integrity" "sha512-sPU4uV7dYlvtWJxwwxHD0PuihVNiE7TyAbQ5SWxDCB9mUYvOgroQOwYQQOKPJ8CIbE+1ETVlOoK1UC2nU3gYvg=="
  "resolved" "https://registry.npmjs.org/mime-db/-/mime-db-1.52.0.tgz"
  "version" "1.52.0"

"mime-types@^2.1.12":
  "integrity" "sha512-ZDY+bPm5zTTF+YpCrAU9nK0UgICYPT0QtT1NZWFv4s++TNkcgVaT0g6+4R2uI4MjQjzysHB1zxuWL50hzaeXiw=="
  "resolved" "https://registry.npmjs.org/mime-types/-/mime-types-2.1.35.tgz"
  "version" "2.1.35"
  dependencies:
    "mime-db" "1.52.0"

"ms@^2.0.0":
  "integrity" "sha512-6FlzubTLZG3J2a/NVCAleEhjzq5oxgHyaCU9yYXvcLsvoVaHJq/s5xXI6/XXP6tz7R9xAOtHnSO/tXtF3WRTlA=="
  "resolved" "https://registry.npmjs.org/ms/-/ms-2.1.3.tgz"
  "version" "2.1.3"

"node-domexception@1.0.0":
  "integrity" "sha512-/jKZoMpw0F8GRwl4/eLROPA3cfcXtLApP0QzLmUT/HuPCZWyB7IY9ZrMeKw2O/nFIqPQB3PVM9aYm0F312AXDQ=="
  "resolved" "https://registry.npmjs.org/node-domexception/-/node-domexception-1.0.0.tgz"
  "version" "1.0.0"

"node-fetch@^2.6.7":
  "integrity" "sha512-c4FRfUm/dbcWZ7U+1Wq0AwCyFL+3nt2bEw05wfxSz+DWpWsitgmSgYmy2dQdWyKC1694ELPqMs/YzUSNozLt8A=="
  "resolved" "https://registry.npmjs.org/node-fetch/-/node-fetch-2.7.0.tgz"
  "version" "2.7.0"
  dependencies:
    "whatwg-url" "^5.0.0"

"openai@^4.26.0":
  "integrity" "sha512-HPC7tgYdeP38F3uHA5WgnoXZyGbAp9jgcIo23p6It+q/07u4C+NZ8xHKlMShsPbDDmFRpPsa3vdbXYpbhJH3eg=="
  "resolved" "https://registry.npmjs.org/openai/-/openai-4.26.0.tgz"
  "version" "4.26.0"
  dependencies:
    "@types/node" "^18.11.18"
    "@types/node-fetch" "^2.6.4"
    "abort-controller" "^3.0.0"
    "agentkeepalive" "^4.2.1"
    "digest-fetch" "^1.3.0"
    "form-data-encoder" "1.7.2"
    "formdata-node" "^4.3.2"
    "node-fetch" "^2.6.7"
    "web-streams-polyfill" "^3.2.1"

"playwright-core@1.41.1":
  "integrity" "sha512-/KPO5DzXSMlxSX77wy+HihKGOunh3hqndhqeo/nMxfigiKzogn8kfL0ZBDu0L1RKgan5XHCPmn6zXd2NUJgjhg=="
  "resolved" "https://registry.npmjs.org/playwright-core/-/playwright-core-1.41.1.tgz"
  "version" "1.41.1"

"playwright@^1.41.1", "playwright@1.41.1":
  "integrity" "sha512-gdZAWG97oUnbBdRL3GuBvX3nDDmUOuqzV/D24dytqlKt+eI5KbwusluZRGljx1YoJKZ2NRPaeWiFTeGZO7SosQ=="
  "resolved" "https://registry.npmjs.org/playwright/-/playwright-1.41.1.tgz"
  "version" "1.41.1"
  dependencies:
    "playwright-core" "1.41.1"
  optionalDependencies:
    "fsevents" "2.3.2"

"tr46@~0.0.3":
  "integrity" "sha512-N3WMsuqV66lT30CrXNbEjx4GEwlow3v6rr4mCcv6prnfwhS01rkgyFdjPNBYd9br7LpXV1+Emh01fHnq2Gdgrw=="
  "resolved" "https://registry.npmjs.org/tr46/-/tr46-0.0.3.tgz"
  "version" "0.0.3"

"typescript@^5.3.3":
  "integrity" "sha512-pXWcraxM0uxAS+tN0AG/BF2TyqmHO014Z070UsJ+pFvYuRSq8KH8DmWpnbXe0pEPDHXZV3FcAbJkijJ5oNEnWw=="
  "resolved" "https://registry.npmjs.org/typescript/-/typescript-5.3.3.tgz"
  "version" "5.3.3"

"undici-types@~5.26.4":
  "integrity" "sha512-JlCMO+ehdEIKqlFxk6IfVoAUVmgz7cU7zD/h9XZ0qzeosSHmUJVOzSQvvYSYWXkFXC+IfLKSIffhv0sVZup6pA=="
  "resolved" "https://registry.npmjs.org/undici-types/-/undici-types-5.26.5.tgz"
  "version" "5.26.5"

"web-streams-polyfill@^3.2.1":
  "integrity" "sha512-3pRGuxRF5gpuZc0W+EpwQRmCD7gRqcDOMt688KmdlDAgAyaB1XlN0zq2njfDNm44XVdIouE7pZ6GzbdyH47uIQ=="
  "resolved" "https://registry.npmjs.org/web-streams-polyfill/-/web-streams-polyfill-3.3.2.tgz"
  "version" "3.3.2"

"web-streams-polyfill@4.0.0-beta.3":
  "integrity" "sha512-QW95TCTaHmsYfHDybGMwO5IJIM93I/6vTRk+daHTWFPhwh+C8Cg7j7XyKrwrj8Ib6vYXe0ocYNrmzY4xAAN6ug=="
  "resolved" "https://registry.npmjs.org/web-streams-polyfill/-/web-streams-polyfill-4.0.0-beta.3.tgz"
  "version" "4.0.0-beta.3"

"webidl-conversions@^3.0.0":
  "integrity" "sha512-2JAn3z8AR6rjK8Sm8orRC0h/bcl/DqL7tRPdGZ4I1CjdF+EaMLmYxBHyXuKL849eucPFhvBoxMsflfOb8kxaeQ=="
  "resolved" "https://registry.npmjs.org/webidl-conversions/-/webidl-conversions-3.0.1.tgz"
  "version" "3.0.1"

"whatwg-url@^5.0.0":
  "integrity" "sha512-saE57nupxk6v3HY35+jzBwYa0rKSy0XR8JSxZPwgLr7ys0IBzhGviA1/TUGJLmSVqs8pb9AnvICXEuOHLprYTw=="
  "resolved" "https://registry.npmjs.org/whatwg-url/-/whatwg-url-5.0.0.tgz"
  "version" "5.0.0"
  dependencies:
    "tr46" "~0.0.3"
    "webidl-conversions" "^3.0.0"
